
Microsoft Visual Studio Solution File, Format Version 12.00
# Visual Studio 15
VisualStudioVersion = 15.0.27130.2027
MinimumVisualStudioVersion = 10.0.40219.1
Project("{FAE04EC0-301F-11D3-BF4B-00C04F79EFBC}") = "CayosAddIn", "CayosAddIn\CayosAddIn.csproj", "{7AFCFCE5-926C-40E1-BA8C-19EDB5B34D16}"
EndProject
Global
	GlobalSection(SolutionConfigurationPlatforms) = preSolution
		Debug|Any CPU = Debug|Any CPU
		Release|Any CPU = Release|Any CPU
	EndGlobalSection
	GlobalSection(ProjectConfigurationPlatforms) = postSolution
		{7AFCFCE5-926C-40E1-BA8C-19EDB5B34D16}.Debug|Any CPU.ActiveCfg = Debug|Any CPU
		{7AFCFCE5-926C-40E1-BA8C-19EDB5B34D16}.Debug|Any CPU.Build.0 = Debug|Any CPU
		{7AFCFCE5-926C-40E1-BA8C-19EDB5B34D16}.Release|Any CPU.ActiveCfg = Release|Any CPU
		{7AFCFCE5-926C-40E1-BA8C-19EDB5B34D16}.Release|Any CPU.Build.0 = Release|Any CPU
	EndGlobalSection
	GlobalSection(SolutionProperties) = preSolution
		HideSolutionNode = FALSE
	EndGlobalSection
	GlobalSection(ExtensibilityGlobals) = postSolution
		SolutionGuid = {1BC69583-EA0B-47FD-9AD4-733E21E07286}
	EndGlobalSection
EndGlobal
